
Microsoft Visual Studio Solution File, Format Version 12.00
# Visual Studio Version 16
VisualStudioVersion = 16.0.30330.147
MinimumVisualStudioVersion = 10.0.40219.1
Project("{FAE04EC0-301F-11D3-BF4B-00C04F79EFBC}") = "IT-Kho", "IT-Kho\IT-Kho.csproj", "{10864859-E65E-4064-BA02-D8DB248B4EA7}"
EndProject
Project("{54435603-DBB4-11D2-8724-00A0C9A8B90C}") = "KHOIT", "KHOIT\KHOIT.vdproj", "{DD5217B7-1C7B-4BB5-9323-23C37B104ACA}"
EndProject
Project("{54435603-DBB4-11D2-8724-00A0C9A8B90C}") = "KHOIT1", "KHOIT1\KHOIT1.vdproj", "{28BF7DED-2FC2-46CF-9C63-2D57B9CF85A0}"
EndProject
Global
	GlobalSection(SolutionConfigurationPlatforms) = preSolution
		Debug|Any CPU = Debug|Any CPU
		Release|Any CPU = Release|Any CPU
	EndGlobalSection
	GlobalSection(ProjectConfigurationPlatforms) = postSolution
		{10864859-E65E-4064-BA02-D8DB248B4EA7}.Debug|Any CPU.ActiveCfg = Debug|Any CPU
		{10864859-E65E-4064-BA02-D8DB248B4EA7}.Debug|Any CPU.Build.0 = Debug|Any CPU
		{10864859-E65E-4064-BA02-D8DB248B4EA7}.Release|Any CPU.ActiveCfg = Release|Any CPU
		{10864859-E65E-4064-BA02-D8DB248B4EA7}.Release|Any CPU.Build.0 = Release|Any CPU
		{DD5217B7-1C7B-4BB5-9323-23C37B104ACA}.Debug|Any CPU.ActiveCfg = Debug
		{DD5217B7-1C7B-4BB5-9323-23C37B104ACA}.Release|Any CPU.ActiveCfg = Release
		{28BF7DED-2FC2-46CF-9C63-2D57B9CF85A0}.Debug|Any CPU.ActiveCfg = Debug
		{28BF7DED-2FC2-46CF-9C63-2D57B9CF85A0}.Release|Any CPU.ActiveCfg = Release
	EndGlobalSection
	GlobalSection(SolutionProperties) = preSolution
		HideSolutionNode = FALSE
	EndGlobalSection
	GlobalSection(ExtensibilityGlobals) = postSolution
		SolutionGuid = {EFEDCE46-F52E-46BF-8A7C-97C5928849E3}
	EndGlobalSection
EndGlobal
